
Microsoft Visual Studio Solution File, Format Version 12.00
# Visual Studio Version 17
VisualStudioVersion = 17.4.33110.190
MinimumVisualStudioVersion = 10.0.40219.1
Project("{9A19103F-16F7-4668-BE54-9A1E7A4F7556}") = "WebCore5ApiLab1", "WebCore5ApiLab1\WebCore5ApiLab1.csproj", "{151FD67C-C499-4AC3-AE90-25D93BDB1C97}"
EndProject
Project("{2150E333-8FDC-42A3-9474-1A3956D46DE8}") = "Solution Items", "Solution Items", "{B6997F79-CEEF-496B-9A86-6B51C7799784}"
	ProjectSection(SolutionItems) = preProject
		README.md = README.md
	EndProjectSection
EndProject
Project("{2150E333-8FDC-42A3-9474-1A3956D46DE8}") = "CustomExtensions", "CustomExtensions", "{5C3C2BAE-E34A-4866-A5E9-942107642C5C}"
EndProject
Project("{9A19103F-16F7-4668-BE54-9A1E7A4F7556}") = "EasyArchitect.OutsideApiControllerBase", "EasyArchitect.OutsideApiControllerBase\EasyArchitect.OutsideApiControllerBase.csproj", "{8138D3DB-F05D-4912-8193-6538013C6DD2}"
EndProject
Project("{9A19103F-16F7-4668-BE54-9A1E7A4F7556}") = "EasyArchitect.OutsideManaged.AuthExtensions", "EasyArchitect.OutsideManaged.AuthExtensions\EasyArchitect.OutsideManaged.AuthExtensions.csproj", "{B49C6F94-A1AC-446B-892D-3156D7DF8C33}"
EndProject
Project("{9A19103F-16F7-4668-BE54-9A1E7A4F7556}") = "EasyArchitect.OutsideManaged.JWTAuthMiddlewares", "EasyArchitect.OutsideManaged.JWTAuthMiddlewares\EasyArchitect.OutsideManaged.JWTAuthMiddlewares.csproj", "{CADE8CDF-CE6B-4E07-AF11-54C33A6F7BB8}"
EndProject
Project("{9A19103F-16F7-4668-BE54-9A1E7A4F7556}") = "EasyArchitect.OutsideManaged.Configuration", "EasyArchitect.OutsideManaged.Configuration\EasyArchitect.OutsideManaged.Configuration.csproj", "{0BB38ED6-9B0C-40B0-A0DD-1BA62F62C7F1}"
EndProject
Project("{2150E333-8FDC-42A3-9474-1A3956D46DE8}") = "Business", "Business", "{5D769E16-C55E-40A5-8361-6CC0F49EB443}"
EndProject
Project("{9A19103F-16F7-4668-BE54-9A1E7A4F7556}") = "OutsideManaged.OutsideAccount", "OutsideManaged.OutsideAccount\OutsideManaged.OutsideAccount.csproj", "{D585899E-762D-4AC9-B3DE-889567493A7A}"
EndProject
Project("{2150E333-8FDC-42A3-9474-1A3956D46DE8}") = "UnitTest", "UnitTest", "{301075EA-1F6B-4EAF-801A-F5896ADEA7A1}"
EndProject
Project("{9A19103F-16F7-4668-BE54-9A1E7A4F7556}") = "OutsideManaged.OutsideAccountTests", "OutsideManaged.OutsideAccountTests\OutsideManaged.OutsideAccountTests.csproj", "{BA7D7EA3-F867-4654-83FF-0DB50FBECAAD}"
EndProject
Project("{2150E333-8FDC-42A3-9474-1A3956D46DE8}") = "UI", "UI", "{AAC0EEB7-2E8D-4B40-A1E1-557105ED548A}"
EndProject
Project("{2150E333-8FDC-42A3-9474-1A3956D46DE8}") = "ViewObjects", "ViewObjects", "{F930146D-FC4A-4C79-9768-5E78E1C7C14A}"
EndProject
Project("{9A19103F-16F7-4668-BE54-9A1E7A4F7556}") = "OutsideManaged.ViewObjects", "OutsideManaged.ViewObjects\OutsideManaged.ViewObjects.csproj", "{6C133285-D467-4ECC-BAEE-B76AC66CEC4A}"
EndProject
Project("{9A19103F-16F7-4668-BE54-9A1E7A4F7556}") = "EasyArchitect.OutsideManaged.AuthExtensionsTests", "EasyArchitect.OutsideManaged.AuthExtensionsTests\EasyArchitect.OutsideManaged.AuthExtensionsTests.csproj", "{2D48099B-6D0F-44A9-A969-643786F73A57}"
EndProject
Project("{2150E333-8FDC-42A3-9474-1A3956D46DE8}") = "方案項目", "方案項目", "{792BDD9C-5C86-4960-98DD-A6B293DDE55B}"
	ProjectSection(SolutionItems) = preProject
		.editorconfig = .editorconfig
	EndProjectSection
EndProject
Project("{FAE04EC0-301F-11D3-BF4B-00C04F79EFBC}") = "EasyArchitect.OutsideControllerBase", "EasyArchitect.OutsideControllerBase\EasyArchitect.OutsideControllerBase.csproj", "{E4A1C1AF-2E28-417F-9164-C07EBB897A3F}"
EndProject
Global
	GlobalSection(SolutionConfigurationPlatforms) = preSolution
		Debug|Any CPU = Debug|Any CPU
		Release|Any CPU = Release|Any CPU
	EndGlobalSection
	GlobalSection(ProjectConfigurationPlatforms) = postSolution
		{151FD67C-C499-4AC3-AE90-25D93BDB1C97}.Debug|Any CPU.ActiveCfg = Debug|Any CPU
		{151FD67C-C499-4AC3-AE90-25D93BDB1C97}.Debug|Any CPU.Build.0 = Debug|Any CPU
		{151FD67C-C499-4AC3-AE90-25D93BDB1C97}.Release|Any CPU.ActiveCfg = Release|Any CPU
		{151FD67C-C499-4AC3-AE90-25D93BDB1C97}.Release|Any CPU.Build.0 = Release|Any CPU
		{8138D3DB-F05D-4912-8193-6538013C6DD2}.Debug|Any CPU.ActiveCfg = Debug|Any CPU
		{8138D3DB-F05D-4912-8193-6538013C6DD2}.Debug|Any CPU.Build.0 = Debug|Any CPU
		{8138D3DB-F05D-4912-8193-6538013C6DD2}.Release|Any CPU.ActiveCfg = Release|Any CPU
		{8138D3DB-F05D-4912-8193-6538013C6DD2}.Release|Any CPU.Build.0 = Release|Any CPU
		{B49C6F94-A1AC-446B-892D-3156D7DF8C33}.Debug|Any CPU.ActiveCfg = Debug|Any CPU
		{B49C6F94-A1AC-446B-892D-3156D7DF8C33}.Debug|Any CPU.Build.0 = Debug|Any CPU
		{B49C6F94-A1AC-446B-892D-3156D7DF8C33}.Release|Any CPU.ActiveCfg = Release|Any CPU
		{B49C6F94-A1AC-446B-892D-3156D7DF8C33}.Release|Any CPU.Build.0 = Release|Any CPU
		{CADE8CDF-CE6B-4E07-AF11-54C33A6F7BB8}.Debug|Any CPU.ActiveCfg = Debug|Any CPU
		{CADE8CDF-CE6B-4E07-AF11-54C33A6F7BB8}.Debug|Any CPU.Build.0 = Debug|Any CPU
		{CADE8CDF-CE6B-4E07-AF11-54C33A6F7BB8}.Release|Any CPU.ActiveCfg = Release|Any CPU
		{CADE8CDF-CE6B-4E07-AF11-54C33A6F7BB8}.Release|Any CPU.Build.0 = Release|Any CPU
		{0BB38ED6-9B0C-40B0-A0DD-1BA62F62C7F1}.Debug|Any CPU.ActiveCfg = Debug|Any CPU
		{0BB38ED6-9B0C-40B0-A0DD-1BA62F62C7F1}.Debug|Any CPU.Build.0 = Debug|Any CPU
		{0BB38ED6-9B0C-40B0-A0DD-1BA62F62C7F1}.Release|Any CPU.ActiveCfg = Release|Any CPU
		{0BB38ED6-9B0C-40B0-A0DD-1BA62F62C7F1}.Release|Any CPU.Build.0 = Release|Any CPU
		{D585899E-762D-4AC9-B3DE-889567493A7A}.Debug|Any CPU.ActiveCfg = Debug|Any CPU
		{D585899E-762D-4AC9-B3DE-889567493A7A}.Debug|Any CPU.Build.0 = Debug|Any CPU
		{D585899E-762D-4AC9-B3DE-889567493A7A}.Release|Any CPU.ActiveCfg = Release|Any CPU
		{D585899E-762D-4AC9-B3DE-889567493A7A}.Release|Any CPU.Build.0 = Release|Any CPU
		{BA7D7EA3-F867-4654-83FF-0DB50FBECAAD}.Debug|Any CPU.ActiveCfg = Debug|Any CPU
		{BA7D7EA3-F867-4654-83FF-0DB50FBECAAD}.Debug|Any CPU.Build.0 = Debug|Any CPU
		{BA7D7EA3-F867-4654-83FF-0DB50FBECAAD}.Release|Any CPU.ActiveCfg = Release|Any CPU
		{BA7D7EA3-F867-4654-83FF-0DB50FBECAAD}.Release|Any CPU.Build.0 = Release|Any CPU
		{6C133285-D467-4ECC-BAEE-B76AC66CEC4A}.Debug|Any CPU.ActiveCfg = Debug|Any CPU
		{6C133285-D467-4ECC-BAEE-B76AC66CEC4A}.Debug|Any CPU.Build.0 = Debug|Any CPU
		{6C133285-D467-4ECC-BAEE-B76AC66CEC4A}.Release|Any CPU.ActiveCfg = Release|Any CPU
		{6C133285-D467-4ECC-BAEE-B76AC66CEC4A}.Release|Any CPU.Build.0 = Release|Any CPU
		{2D48099B-6D0F-44A9-A969-643786F73A57}.Debug|Any CPU.ActiveCfg = Debug|Any CPU
		{2D48099B-6D0F-44A9-A969-643786F73A57}.Debug|Any CPU.Build.0 = Debug|Any CPU
		{2D48099B-6D0F-44A9-A969-643786F73A57}.Release|Any CPU.ActiveCfg = Release|Any CPU
		{2D48099B-6D0F-44A9-A969-643786F73A57}.Release|Any CPU.Build.0 = Release|Any CPU
		{E4A1C1AF-2E28-417F-9164-C07EBB897A3F}.Debug|Any CPU.ActiveCfg = Debug|Any CPU
		{E4A1C1AF-2E28-417F-9164-C07EBB897A3F}.Debug|Any CPU.Build.0 = Debug|Any CPU
		{E4A1C1AF-2E28-417F-9164-C07EBB897A3F}.Release|Any CPU.ActiveCfg = Release|Any CPU
		{E4A1C1AF-2E28-417F-9164-C07EBB897A3F}.Release|Any CPU.Build.0 = Release|Any CPU
	EndGlobalSection
	GlobalSection(SolutionProperties) = preSolution
		HideSolutionNode = FALSE
	EndGlobalSection
	GlobalSection(NestedProjects) = preSolution
		{151FD67C-C499-4AC3-AE90-25D93BDB1C97} = {AAC0EEB7-2E8D-4B40-A1E1-557105ED548A}
		{8138D3DB-F05D-4912-8193-6538013C6DD2} = {5C3C2BAE-E34A-4866-A5E9-942107642C5C}
		{B49C6F94-A1AC-446B-892D-3156D7DF8C33} = {5C3C2BAE-E34A-4866-A5E9-942107642C5C}
		{CADE8CDF-CE6B-4E07-AF11-54C33A6F7BB8} = {5C3C2BAE-E34A-4866-A5E9-942107642C5C}
		{0BB38ED6-9B0C-40B0-A0DD-1BA62F62C7F1} = {5C3C2BAE-E34A-4866-A5E9-942107642C5C}
		{D585899E-762D-4AC9-B3DE-889567493A7A} = {5D769E16-C55E-40A5-8361-6CC0F49EB443}
		{BA7D7EA3-F867-4654-83FF-0DB50FBECAAD} = {301075EA-1F6B-4EAF-801A-F5896ADEA7A1}
		{6C133285-D467-4ECC-BAEE-B76AC66CEC4A} = {F930146D-FC4A-4C79-9768-5E78E1C7C14A}
		{2D48099B-6D0F-44A9-A969-643786F73A57} = {301075EA-1F6B-4EAF-801A-F5896ADEA7A1}
		{E4A1C1AF-2E28-417F-9164-C07EBB897A3F} = {5C3C2BAE-E34A-4866-A5E9-942107642C5C}
	EndGlobalSection
	GlobalSection(ExtensibilityGlobals) = postSolution
		SolutionGuid = {671F45AD-8F89-481F-9C19-CC493D1D0DD2}
	EndGlobalSection
EndGlobal
